
Microsoft Visual Studio Solution File, Format Version 12.00
# Visual Studio Version 16
VisualStudioVersion = 16.0.31410.357
MinimumVisualStudioVersion = 10.0.40219.1
Project("{FAE04EC0-301F-11D3-BF4B-00C04F79EFBC}") = "Interfaces", "Interfaces\Interfaces.csproj", "{97A07BD4-964A-49BC-AD74-89288C9EA64C}"
EndProject
Global
	GlobalSection(SolutionConfigurationPlatforms) = preSolution
		Debug|Any CPU = Debug|Any CPU
		Release|Any CPU = Release|Any CPU
	EndGlobalSection
	GlobalSection(ProjectConfigurationPlatforms) = postSolution
		{97A07BD4-964A-49BC-AD74-89288C9EA64C}.Debug|Any CPU.ActiveCfg = Debug|Any CPU
		{97A07BD4-964A-49BC-AD74-89288C9EA64C}.Debug|Any CPU.Build.0 = Debug|Any CPU
		{97A07BD4-964A-49BC-AD74-89288C9EA64C}.Release|Any CPU.ActiveCfg = Release|Any CPU
		{97A07BD4-964A-49BC-AD74-89288C9EA64C}.Release|Any CPU.Build.0 = Release|Any CPU
	EndGlobalSection
	GlobalSection(SolutionProperties) = preSolution
		HideSolutionNode = FALSE
	EndGlobalSection
	GlobalSection(ExtensibilityGlobals) = postSolution
		SolutionGuid = {BF989D2A-FA9D-44EA-8AE9-EC4B20383F57}
	EndGlobalSection
EndGlobal
