
Microsoft Visual Studio Solution File, Format Version 12.00
# Visual Studio Version 16
VisualStudioVersion = 16.0.31410.357
MinimumVisualStudioVersion = 10.0.40219.1
Project("{FAE04EC0-301F-11D3-BF4B-00C04F79EFBC}") = "AbstractClass", "AbstractClass\AbstractClass.csproj", "{28C7DD01-DF8B-460A-9C67-C33D0F38C6BE}"
EndProject
Global
	GlobalSection(SolutionConfigurationPlatforms) = preSolution
		Debug|Any CPU = Debug|Any CPU
		Release|Any CPU = Release|Any CPU
	EndGlobalSection
	GlobalSection(ProjectConfigurationPlatforms) = postSolution
		{28C7DD01-DF8B-460A-9C67-C33D0F38C6BE}.Debug|Any CPU.ActiveCfg = Debug|Any CPU
		{28C7DD01-DF8B-460A-9C67-C33D0F38C6BE}.Debug|Any CPU.Build.0 = Debug|Any CPU
		{28C7DD01-DF8B-460A-9C67-C33D0F38C6BE}.Release|Any CPU.ActiveCfg = Release|Any CPU
		{28C7DD01-DF8B-460A-9C67-C33D0F38C6BE}.Release|Any CPU.Build.0 = Release|Any CPU
	EndGlobalSection
	GlobalSection(SolutionProperties) = preSolution
		HideSolutionNode = FALSE
	EndGlobalSection
	GlobalSection(ExtensibilityGlobals) = postSolution
		SolutionGuid = {34818F16-78C7-4062-9275-03433CF28043}
	EndGlobalSection
EndGlobal
