
Microsoft Visual Studio Solution File, Format Version 12.00
# Visual Studio Version 16
VisualStudioVersion = 16.0.31410.357
MinimumVisualStudioVersion = 10.0.40219.1
Project("{FAE04EC0-301F-11D3-BF4B-00C04F79EFBC}") = "Hashtables", "Hashtables\Hashtables.csproj", "{107DF558-A524-43B5-83B6-2D39B4DF3332}"
EndProject
Global
	GlobalSection(SolutionConfigurationPlatforms) = preSolution
		Debug|Any CPU = Debug|Any CPU
		Release|Any CPU = Release|Any CPU
	EndGlobalSection
	GlobalSection(ProjectConfigurationPlatforms) = postSolution
		{107DF558-A524-43B5-83B6-2D39B4DF3332}.Debug|Any CPU.ActiveCfg = Debug|Any CPU
		{107DF558-A524-43B5-83B6-2D39B4DF3332}.Debug|Any CPU.Build.0 = Debug|Any CPU
		{107DF558-A524-43B5-83B6-2D39B4DF3332}.Release|Any CPU.ActiveCfg = Release|Any CPU
		{107DF558-A524-43B5-83B6-2D39B4DF3332}.Release|Any CPU.Build.0 = Release|Any CPU
	EndGlobalSection
	GlobalSection(SolutionProperties) = preSolution
		HideSolutionNode = FALSE
	EndGlobalSection
	GlobalSection(ExtensibilityGlobals) = postSolution
		SolutionGuid = {5EB01574-2680-434E-807B-347954FA715D}
	EndGlobalSection
EndGlobal
