
Microsoft Visual Studio Solution File, Format Version 12.00
# Visual Studio Version 16
VisualStudioVersion = 16.0.31410.357
MinimumVisualStudioVersion = 10.0.40219.1
Project("{FAE04EC0-301F-11D3-BF4B-00C04F79EFBC}") = "Exceptions", "Exceptions\Exceptions.csproj", "{F1546800-ADA0-4E22-803A-2765465120B9}"
EndProject
Global
	GlobalSection(SolutionConfigurationPlatforms) = preSolution
		Debug|Any CPU = Debug|Any CPU
		Release|Any CPU = Release|Any CPU
	EndGlobalSection
	GlobalSection(ProjectConfigurationPlatforms) = postSolution
		{F1546800-ADA0-4E22-803A-2765465120B9}.Debug|Any CPU.ActiveCfg = Debug|Any CPU
		{F1546800-ADA0-4E22-803A-2765465120B9}.Debug|Any CPU.Build.0 = Debug|Any CPU
		{F1546800-ADA0-4E22-803A-2765465120B9}.Release|Any CPU.ActiveCfg = Release|Any CPU
		{F1546800-ADA0-4E22-803A-2765465120B9}.Release|Any CPU.Build.0 = Release|Any CPU
	EndGlobalSection
	GlobalSection(SolutionProperties) = preSolution
		HideSolutionNode = FALSE
	EndGlobalSection
	GlobalSection(ExtensibilityGlobals) = postSolution
		SolutionGuid = {20FDBEA9-597B-430F-805D-0D124C608687}
	EndGlobalSection
EndGlobal
