
Microsoft Visual Studio Solution File, Format Version 12.00
# Visual Studio Version 16
VisualStudioVersion = 16.0.31410.357
MinimumVisualStudioVersion = 10.0.40219.1
Project("{FAE04EC0-301F-11D3-BF4B-00C04F79EFBC}") = "MngAccName", "MngAccName\MngAccName.csproj", "{D8FE932D-CF96-40C4-96AB-9A2A56F82E65}"
EndProject
Global
	GlobalSection(SolutionConfigurationPlatforms) = preSolution
		Debug|Any CPU = Debug|Any CPU
		Release|Any CPU = Release|Any CPU
	EndGlobalSection
	GlobalSection(ProjectConfigurationPlatforms) = postSolution
		{D8FE932D-CF96-40C4-96AB-9A2A56F82E65}.Debug|Any CPU.ActiveCfg = Debug|Any CPU
		{D8FE932D-CF96-40C4-96AB-9A2A56F82E65}.Debug|Any CPU.Build.0 = Debug|Any CPU
		{D8FE932D-CF96-40C4-96AB-9A2A56F82E65}.Release|Any CPU.ActiveCfg = Release|Any CPU
		{D8FE932D-CF96-40C4-96AB-9A2A56F82E65}.Release|Any CPU.Build.0 = Release|Any CPU
	EndGlobalSection
	GlobalSection(SolutionProperties) = preSolution
		HideSolutionNode = FALSE
	EndGlobalSection
	GlobalSection(ExtensibilityGlobals) = postSolution
		SolutionGuid = {B8683FC0-7A02-4FE6-BD2E-BD8BC51D3488}
	EndGlobalSection
EndGlobal
