
Microsoft Visual Studio Solution File, Format Version 12.00
# Visual Studio Version 16
VisualStudioVersion = 16.0.31410.357
MinimumVisualStudioVersion = 10.0.40219.1
Project("{FAE04EC0-301F-11D3-BF4B-00C04F79EFBC}") = "InterfacesSave", "InterfacesSave\InterfacesSave.csproj", "{6754606E-D993-49B3-B816-BD456F53BD2A}"
EndProject
Global
	GlobalSection(SolutionConfigurationPlatforms) = preSolution
		Debug|Any CPU = Debug|Any CPU
		Release|Any CPU = Release|Any CPU
	EndGlobalSection
	GlobalSection(ProjectConfigurationPlatforms) = postSolution
		{6754606E-D993-49B3-B816-BD456F53BD2A}.Debug|Any CPU.ActiveCfg = Debug|Any CPU
		{6754606E-D993-49B3-B816-BD456F53BD2A}.Debug|Any CPU.Build.0 = Debug|Any CPU
		{6754606E-D993-49B3-B816-BD456F53BD2A}.Release|Any CPU.ActiveCfg = Release|Any CPU
		{6754606E-D993-49B3-B816-BD456F53BD2A}.Release|Any CPU.Build.0 = Release|Any CPU
	EndGlobalSection
	GlobalSection(SolutionProperties) = preSolution
		HideSolutionNode = FALSE
	EndGlobalSection
	GlobalSection(ExtensibilityGlobals) = postSolution
		SolutionGuid = {55DFB1C4-19D7-4F32-8B7E-17996AF22F65}
	EndGlobalSection
EndGlobal
